cloud.google.com/go v0.26.0/go.mod h1:aQUYkXzVsufM+DwF1aE+0xfcU+56JwCaLick0ClmMTw=
github.com/BurntSushi/toml v0.3.1/go.mod h1:xHWCNGjB5oqiDr8zfno3MHue2Ht5sIBksp03qcyfWMU=
github.com/Jeffail/gabs v1.3.1/go.mod h1:6xMvQMK4k33lb7GUUpaAPh6nKMmemQeg5d4gn7/bOXc=
github.com/alcortesm/tgz v0.0.0-20161220082320-9c5fe88206d7/go.mod h1:6zEj6s6u/ghQa61ZWa/C2Aw3RkjiTBOix7dkqa1VLIs=
github.com/anmitsu/go-shlex v0.0.0-20161002113705-648efa622239/go.mod h1:2FmKhYUyUczH0OGQWaF5ceTx0UBShxjsH6f8oGKYe2c=
github.com/arangodb/go-driver v0.0.0-20181206080103-b1a864427d13 h1:i8EIpjb3Fe+CIrBIJowOEmCnxbmM2Q2FWN7CltbVBn0=
github.com/arangodb/go-driver v0.0.0-20181206080103-b1a864427d13/go.mod h1:NcDoR4f0FdFia/QizCc+B69DggPGLP3nCKg5IUtudm0=
github.com/arangodb/go-driver v0.0.0-20190514134119-4cd2eb482d16/go.mod h1:5nMxlcbN6PHA05uGUw2EH6PIQHvdRVTrg/S/GM8jG4w=
github.com/arangodb/go-driver v0.0.0-20190724115106-663f655c9ebe h1:q3w+bO7eVEHQwEuFRkQePXBFtEtKU5SMbQah6eCHJLo=
github.com/arangodb/go-driver v0.0.0-20190724115106-663f655c9ebe/go.mod h1:5nMxlcbN6PHA05uGUw2EH6PIQHvdRVTrg/S/GM8jG4w=
github.com/arangodb/go-velocypack v0.0.0-20180928134037-d177e3455691 h1:62SGGAvrKTXOrewra74du0H98Yg/eufQ/tO3RoIP8Bs=
github.com/arangodb/go-velocypack v0.0.0-20180928134037-d177e3455691/go.mod h1:7QCjpWXdB49P6fql1CxmsBWd8z/T4L4pqFLTnc10xNM=
github.com/arangodb/go-velocypack v0.0.0-20190129082528-7896a965b4ad/go.mod h1:7QCjpWXdB49P6fql1CxmsBWd8z/T4L4pqFLTnc10xNM=
github.com/arangodb/go-velocypack v0.0.0-20190507125159-f60205f092de h1:R2dEL/TMsUB5fxRhWcOPP3qDTveL4FZK+UXzBS4NJnM=
github.com/arangodb/go-velocypack v0.0.0-20190507125159-f60205f092de/go.mod h1:IDtzKmgAb7oPLaVwzYeXWPEBm5RfIG02gHdFxoJMJqU=
github.com/cenkalti/backoff v2.1.0+incompatible h1:FIRvWBZrzS4YC7NT5cOuZjexzFvIr+Dbi6aD1cZaNBk=
github.com/cenkalti/backoff v2.1.0+incompatible/go.mod h1:90ReRw6GdpyfrHakVjL/QHaoyV4aDUVVkXQJJJ3NXXM=
github.com/dictyBase/apihelpers v0.0.0-20190516195304-f1adf8d9f18d h1:ei76DTgFMNKEXGvVEVY3nf2arKSf6mRs5gdYK9eZSww=
github.com/dictyBase/apihelpers v0.0.0-20190516195304-f1adf8d9f18d/go.mod h1:9WgbGsASNIV484GDZ9SrfA98CKmmWExuSOcEs0NNAIM=
github.com/dictyBase/arangomanager v0.0.0-20190611150137-a945fd12a72e h1:2NNf5qMrU8Bky3a921gMbhsPtOnkD5yoz1PQSWbfXLk=
github.com/dictyBase/arangomanager v0.0.0-20190611150137-a945fd12a72e/go.mod h1:ZKfo7JHpT9KfmJEJwZLhwoyCRBxIPW+IeX+13eUEIlg=
github.com/dictyBase/arangomanager v0.0.0-20190611150137-a945fd12a72e h1:2NNf5qMrU8Bky3a921gMbhsPtOnkD5yoz1PQSWbfXLk=
github.com/dictyBase/arangomanager v0.0.0-20190611150137-a945fd12a72e/go.mod h1:ZKfo7JHpT9KfmJEJwZLhwoyCRBxIPW+IeX+13eUEIlg=
github.com/dictyBase/go-genproto v0.0.0-20190221201930-e74be4d392e5 h1:maFOX6k2cUE58L9Bj3NNq0M90YIqYWZ5Bq5qnQdVllo=
github.com/dictyBase/go-genproto v0.0.0-20190221201930-e74be4d392e5/go.mod h1:uvt0ErfvhRMAzfRo4y/99/XVhM1EduGOLxTZ9SYetRY=
github.com/dictyBase/go-obograph v0.0.0-20190725115558-aebe2f03bf50 h1:bUiE9vKbNCbkkGsyKuvSFdnl1X0ofr+cZU6atJ++3ew=
github.com/dictyBase/go-obograph v0.0.0-20190725115558-aebe2f03bf50/go.mod h1:QBDUZ9awJ4H3Amvc+Iipg1SNXHl0rOx4y25sB0dASbU=
github.com/dictyBase/modware-annotation v0.0.0-20190801232929-32160008f728 h1:7tjqnBvUpZrFmZaak8R35EBSGGmOY+hksNJsACyP1iE=
github.com/dictyBase/modware-annotation v0.0.0-20190801232929-32160008f728/go.mod h1:MdncQdLb9f6KFCS2yG1pLVINIFC0MwHy3/H6Dm8C0zE=
github.com/gogo/protobuf v1.1.1 h1:72R+M5VuhED/KujmZVcIquuo8mBgX4oVda//DQb3PXo=
github.com/gogo/protobuf v1.1.1/go.mod h1:r8qH/GZQm5c6nD/R0oafs1akxWv10x8SbQlK7atdtwQ=
github.com/golang/protobuf v1.3.1 h1:YF8+flBXS5eO826T4nzqPrxfhQThhXl0YzfuUPu4SBg=
github.com/golang/protobuf v1.3.1/go.mod h1:6lQm79b+lXiMfvg/cZm0SGofjICqVBUtrP5yJMmIC1U=
github.com/google/go-cmp v0.2.0/go.mod h1:oXzfMopK8JAjlY9xF4vHSVASa0yLyX7SntLO5aqRK0M=
github.com/grpc-ecosystem/go-grpc-middleware v1.0.0 h1:Iju5GlWwrvL6UBg4zJJt3btmonfrMlCDdsejg4CZE7c=
github.com/grpc-ecosystem/grpc-gateway v1.6.2 h1:8KyC64BiO8ndiGHY5DlFWWdangUPC9QHPakFRre/Ud0=
github.com/grpc-ecosystem/grpc-gateway v1.6.2/go.mod h1:RSKVYQBd5MCa4OVpNdGskqpgL2+G+NZTnrVHpWWfpdw=
github.com/konsorten/go-windows-terminal-sequences v1.0.2 h1:DB17ag19krx9CFsz4o3enTrPXyIXCl+2iCXH/aMAp9s=
github.com/mattn/go-colorable v0.1.1 h1:G1f5SKeVxmagw/IyvzvtZE4Gybcc4Tr1tf7I8z0XgOg=
github.com/mattn/go-colorable v0.1.1/go.mod h1:FuOcm+DKB9mbwrcAfNl7/TZVBZ6rcnceauSikq3lYCQ=
github.com/mattn/go-colorable v0.0.9 h1:UVL0vNpWh04HeJXV0KLcaT7r06gOH2l4OW6ddYRUIY4=
github.com/mattn/go-colorable v0.0.9/go.mod h1:9vuHe8Xs5qXnSaW/c/ABM9alt+Vo+STaOChaDxuIBZU=
github.com/mattn/go-colorable v0.1.1 h1:G1f5SKeVxmagw/IyvzvtZE4Gybcc4Tr1tf7I8z0XgOg=
github.com/mattn/go-colorable v0.1.1/go.mod h1:FuOcm+DKB9mbwrcAfNl7/TZVBZ6rcnceauSikq3lYCQ=
github.com/mattn/go-isatty v0.0.4 h1:bnP0vzxcAdeI1zdubAl5PjU6zsERjGZb7raWodagDYs=
github.com/mattn/go-isatty v0.0.4/go.mod h1:M+lRXTBqGeGNdLjl/ufCoiOlB5xdOkqRJdNxMWT7Zi4=
github.com/mwitkow/go-proto-validators v0.0.0-20180403085117-0950a7990007 h1:28i1IjGcx8AofiB4N3q5Yls55VEaitzuEPkFJEVgGkA=
github.com/mwitkow/go-proto-validators v0.0.0-20180403085117-0950a7990007/go.mod h1:m2XC9Qq0AlmmVksL6FktJCdTYyLk7V3fKyp0sl1yWQo=
github.com/nats-io/go-nats v1.7.2 h1:cJujlwCYR8iMz5ofZSD/p2WLW8FabhkQ2lIEVbSvNSA=
github.com/nats-io/go-nats v1.7.2/go.mod h1:+t7RHT5ApZebkrQdnn6AhQJmhJJiKAvJUio1PiiCtj0=
github.com/nats-io/nkeys v0.0.2 h1:+qM7QpgXnvDDixitZtQUBDY9w/s9mu1ghS+JIbsrx6M=
github.com/nats-io/nkeys v0.0.2/go.mod h1:dab7URMsZm6Z/jp9Z5UGa87Uutgc2mVpXLC4B7TDb/4=
github.com/nats-io/nuid v1.0.1 h1:5iA8DT8V7q8WK2EScv2padNa/rTESc1KdnPw4TC2paw=
github.com/nats-io/go-nats v1.6.0 h1:FznPwMfrVwGnSCh7JTXyJDRW0TIkD4Tr+M1LPJt9T70=
github.com/nats-io/go-nats v1.6.0/go.mod h1:+t7RHT5ApZebkrQdnn6AhQJmhJJiKAvJUio1PiiCtj0=
github.com/nats-io/go-nats v1.7.2/go.mod h1:+t7RHT5ApZebkrQdnn6AhQJmhJJiKAvJUio1PiiCtj0=
github.com/nats-io/nkeys v0.0.2/go.mod h1:dab7URMsZm6Z/jp9Z5UGa87Uutgc2mVpXLC4B7TDb/4=
github.com/nats-io/nuid v1.0.0 h1:44QGdhbiANq8ZCbUkdn6W5bqtg+mHuDE4wOUuxxndFs=
github.com/nats-io/nuid v1.0.0/go.mod h1:19wcPz3Ph3q0Jbyiqsd0kePYG7A95tJPxeL+1OSON2c=
github.com/sirupsen/logrus v1.4.2 h1:SPIRibHv4MatM3XXNO2BJeFLZwZ2LvZgfQ5+UNI2im4=
github.com/sirupsen/logrus v1.2.0 h1:juTguoYk5qI21pwyTXY3B3Y5cOTH3ZUyZCg1v/mihuo=
github.com/sirupsen/logrus v1.2.0/go.mod h1:LxeOpSwHxABJmUn/MG1IvRgCAasNZTLOkJPxbbu5VWo=
golang.org/x/crypto v0.0.0-20180904163835-0709b304e793 h1:u+LnwYTOOW7Ukr/fppxEb1Nwz0AtPflrblfvUudpo+I=
github.com/sirupsen/logrus v1.4.2/go.mod h1:tLMulIdttU9McNUspp0xgXVQah82FyeX6MwdIuYE2rE=
github.com/spacemonkeygo/errors v0.0.0-20171212215202-9064522e9fd1/go.mod h1:7NL9UAYQnRM5iKHUCld3tf02fKb5Dft+41+VckASUy0=
github.com/src-d/gcfg v1.4.0/go.mod h1:p/UMsR43ujA89BJY9duynAwIpvqEujIH/jFlfL7jWoI=
github.com/stretchr/objx v0.1.0/go.mod h1:HFkY916IF+rwdDfMAkV7OtwuqBVzrE8GR6GFx+wExME=
github.com/stretchr/objx v0.1.1/go.mod h1:HFkY916IF+rwdDfMAkV7OtwuqBVzrE8GR6GFx+wExME=
github.com/stretchr/objx v0.2.0/go.mod h1:qt09Ya8vawLte6SNmTgCsAVtYtaKzEcn8ATUoHMkEqE=
github.com/stretchr/testify v1.2.2 h1:bSDNvY7ZPG5RlJ8otE/7V6gMiyenm9RtJ7IUVIAoJ1w=
github.com/stretchr/testify v1.2.2/go.mod h1:a8OnRcib4nhh0OaRAV+Yts87kKdq0PP7pXfy6kDkUVs=
github.com/stretchr/testify v1.3.0/go.mod h1:M5WIy9Dh21IEIfnGCwXGc5bZfKNJtfHm1UVUgZn+9EI=
github.com/stretchr/testify v1.3.1-0.20190311161405-34c6fa2dc709 h1:Ko2LQMrRU+Oy/+EDBwX7eZ2jp3C47eDBB8EIhKTun+I=
github.com/stretchr/testify v1.3.1-0.20190311161405-34c6fa2dc709/go.mod h1:M5WIy9Dh21IEIfnGCwXGc5bZfKNJtfHm1UVUgZn+9EI=
github.com/xanzy/ssh-agent v0.2.0/go.mod h1:0NyE30eGUDliuLEHJgYte/zncp2zdTStcOnWhgSqHD8=
golang.org/x/crypto v0.0.0-20180904163835-0709b304e793/go.mod h1:6SG95UA2DQfeDnfUPMdvaQW0Q7yPrPDi9nlGo2tz2b4=
golang.org/x/crypto v0.0.0-20181203042331-505ab145d0a9 h1:mKdxBk7AujPs8kU4m80U72y/zjbZ3UcXC7dClwKbUI0=
golang.org/x/crypto v0.0.0-20181203042331-505ab145d0a9/go.mod h1:6SG95UA2DQfeDnfUPMdvaQW0Q7yPrPDi9nlGo2tz2b4=
golang.org/x/crypto v0.0.0-20190308221718-c2843e01d9a2/go.mod h1:djNgcEr1/C05ACkg1iLfiJU5Ep61QUkGW8qpdssI0+w=
golang.org/x/sys v0.0.0-20180905080454-ebe1bf3edb33 h1:I6FyU15t786LL7oL/hn43zqTuEGr4PN7F4XJ1p4E3Y8=
golang.org/x/sys v0.0.0-20180905080454-ebe1bf3edb33/go.mod h1:STP8DvDyc/dI5b8T5hshtkjS+E42TnysNCUPdjciGhY=
golang.org/x/sys v0.0.0-20181107165924-66b7b1311ac8/go.mod h1:STP8DvDyc/dI5b8T5hshtkjS+E42TnysNCUPdjciGhY=
golang.org/x/sys v0.0.0-20181210030007-2a47403f2ae5 h1:SlFRMb9PEnqzqnBRCynVOhxv4vHjB2lnIoxK6p5nzFM=
golang.org/x/sys v0.0.0-20181210030007-2a47403f2ae5/go.mod h1:STP8DvDyc/dI5b8T5hshtkjS+E42TnysNCUPdjciGhY=
golang.org/x/tools v0.0.0-20180828015842-6cd1fcedba52/go.mod h1:n7NCudcB/nEzxVGmLbDWY5pfWTLqBcC2KZ6jyYvM4mQ=
golang.org/x/sys v0.0.0-20190215142949-d0b11bdaac8a/go.mod h1:STP8DvDyc/dI5b8T5hshtkjS+E42TnysNCUPdjciGhY=
golang.org/x/sys v0.0.0-20190222072716-a9d3bda3a223/go.mod h1:STP8DvDyc/dI5b8T5hshtkjS+E42TnysNCUPdjciGhY=
golang.org/x/sys v0.0.0-20190412213103-97732733099d/go.mod h1:h1NjWce9XRLGQEsW7wpKNCjG9DtNlClVuFLEZdDNbEs=
golang.org/x/sys v0.0.0-20190422165155-953cdadca894/go.mod h1:h1NjWce9XRLGQEsW7wpKNCjG9DtNlClVuFLEZdDNbEs=
golang.org/x/sys v0.0.0-20190712062909-fae7ac547cb7 h1:LepdCS8Gf/MVejFIt8lsiexZATdoGVyp5bcyS+rYoUI=
golang.org/x/sys v0.0.0-20190712062909-fae7ac547cb7/go.mod h1:h1NjWce9XRLGQEsW7wpKNCjG9DtNlClVuFLEZdDNbEs=
golang.org/x/text v0.3.0 h1:g61tztE5qeGQ89tm6NTjjM9VPIm088od1l6aSorWRWg=
golang.org/x/text v0.3.0/go.mod h1:NqM8EUOU14njkJ3fqMW+pc6Ldnwhi/IjpwHt7yyuwOQ=
golang.org/x/text v0.3.2 h1:tW2bmiBqwgJj/UpqtC8EpXEZVYOwU0yG4iWbprSVAcs=
golang.org/x/text v0.3.2/go.mod h1:bEr9sfX3Q8Zfm5fL9x+3itogRgK3+ptLWKqgva+5dAk=
golang.org/x/tools v0.0.0-20180221164845-07fd8470d635/go.mod h1:n7NCudcB/nEzxVGmLbDWY5pfWTLqBcC2KZ6jyYvM4mQ=
golang.org/x/tools v0.0.0-20180917221912-90fa682c2a6e/go.mod h1:n7NCudcB/nEzxVGmLbDWY5pfWTLqBcC2KZ6jyYvM4mQ=
golang.org/x/tools v0.0.0-20190114222345-bf090417da8b/go.mod h1:n7NCudcB/nEzxVGmLbDWY5pfWTLqBcC2KZ6jyYvM4mQ=
golang.org/x/tools v0.0.0-20190226205152-f727befe758c/go.mod h1:9Yl7xja0Znq3iFh3HoIrodX9oNMXvdceNzlUR8zjMvY=
golang.org/x/tools v0.0.0-20190311212946-11955173bddd/go.mod h1:LCzVGOaR6xXOjkQ3onu1FJEFr0SW1gC7cKk1uF8kGRs=
google.golang.org/genproto v0.0.0-20180817151627-c66870c02cf8/go.mod h1:JiN7NxoALGmiZfu7CAH4rXhgtRTLTxftemlI0sWmxmc=
google.golang.org/genproto v0.0.0-20190516172635-bb713bdc0e52 h1:LHc/6x2dMeCKkSsrVgo4DY+Z566T1OeoMwLtdfoy8LE=
google.golang.org/genproto v0.0.0-20190516172635-bb713bdc0e52/go.mod h1:z3L6/3dTEVtUr6QSP8miRzeRqwQOioJ9I66odjN4I7s=
google.golang.org/appengine v1.1.0 h1:igQkv0AAhEIvTEpD5LIpAfav2eeVO9HBTjvKHVJPRSs=
google.golang.org/appengine v1.1.0/go.mod h1:EbEs0AVv82hx2wNQdGPgUI5lhzA/G0D9YwlJXL52JkM=
google.golang.org/appengine v1.3.0 h1:FBSsiFRMz3LBeXIomRnVzrQwSDj4ibvcRexLG0LZGQk=
google.golang.org/appengine v1.3.0/go.mod h1:xpcJRLb0r/rnEns0DIKYYv+WjYCduHsrkT7/EB5XEv4=
google.golang.org/appengine v1.4.0/go.mod h1:xpcJRLb0r/rnEns0DIKYYv+WjYCduHsrkT7/EB5XEv4=
google.golang.org/appengine v1.6.0/go.mod h1:xpcJRLb0r/rnEns0DIKYYv+WjYCduHsrkT7/EB5XEv4=
google.golang.org/genproto v0.0.0-20180817151627-c66870c02cf8 h1:Nw54tB0rB7hY/N0NQvRW8DG4Yk3Q6T9cu9RcFQDu1tc=
google.golang.org/genproto v0.0.0-20180817151627-c66870c02cf8/go.mod h1:JiN7NxoALGmiZfu7CAH4rXhgtRTLTxftemlI0sWmxmc=
google.golang.org/genproto v0.0.0-20181202183823-bd91e49a0898 h1:yvw+zsSmSM02Z5H3ZdEV7B7Ql7eFrjQTnmByJvK+3J8=
google.golang.org/genproto v0.0.0-20181202183823-bd91e49a0898/go.mod h1:7Ep/1NZk928CDR8SjdVbjWNpdIf6nzjE3BTgJDr2Atg=
google.golang.org/genproto v0.0.0-20190516172635-bb713bdc0e52 h1:LHc/6x2dMeCKkSsrVgo4DY+Z566T1OeoMwLtdfoy8LE=
google.golang.org/genproto v0.0.0-20190516172635-bb713bdc0e52/go.mod h1:z3L6/3dTEVtUr6QSP8miRzeRqwQOioJ9I66odjN4I7s=
google.golang.org/grpc v1.16.0/go.mod h1:0JHn/cJsOMiMfNA9+DeHDlAU7KAAB5GDlYFpa9MZMio=
google.golang.org/grpc v1.17.0 h1:TRJYBgMclJvGYn2rIMjj+h9KtMt5r1Ij7ODVRIZkwhk=
google.golang.org/grpc v1.17.0/go.mod h1:6QZJwpn2B+Zp71q/5VxRsJ6NXXVCE5NRUHRo+f3cWCs=
honnef.co/go/tools v0.0.0-20180728063816-88497007e858/go.mod h1:rf3lG4BRIbNafJWhAfAdb/ePZxsR/4RtNHQocxwk9r4=
